
Microsoft Visual Studio Solution File, Format Version 12.00
# Visual Studio 2015
Project("{FAE04EC0-301F-11D3-BF4B-00C04F79EFBC}") = "Memeory, Motherfucker.CSharp", "Memeory, Motherfucker.CSharp.csproj", "{586E99F4-FE06-0089-74F1-5A141B8967EF}"
EndProject
Project("{FAE04EC0-301F-11D3-BF4B-00C04F79EFBC}") = "Memeory, Motherfucker.CSharp.Editor", "Memeory, Motherfucker.CSharp.Editor.csproj", "{A6A43C5C-D482-53E3-E417-F191CECB4275}"
EndProject
Global
	GlobalSection(SolutionConfigurationPlatforms) = preSolution
		Debug|Any CPU = Debug|Any CPU
		Release|Any CPU = Release|Any CPU
	EndGlobalSection
	GlobalSection(ProjectConfigurationPlatforms) = postSolution
		{586E99F4-FE06-0089-74F1-5A141B8967EF}.Debug|Any CPU.ActiveCfg = Debug|Any CPU
		{586E99F4-FE06-0089-74F1-5A141B8967EF}.Debug|Any CPU.Build.0 = Debug|Any CPU
		{586E99F4-FE06-0089-74F1-5A141B8967EF}.Release|Any CPU.ActiveCfg = Release|Any CPU
		{586E99F4-FE06-0089-74F1-5A141B8967EF}.Release|Any CPU.Build.0 = Release|Any CPU
		{A6A43C5C-D482-53E3-E417-F191CECB4275}.Debug|Any CPU.ActiveCfg = Debug|Any CPU
		{A6A43C5C-D482-53E3-E417-F191CECB4275}.Debug|Any CPU.Build.0 = Debug|Any CPU
		{A6A43C5C-D482-53E3-E417-F191CECB4275}.Release|Any CPU.ActiveCfg = Release|Any CPU
		{A6A43C5C-D482-53E3-E417-F191CECB4275}.Release|Any CPU.Build.0 = Release|Any CPU
	EndGlobalSection
	GlobalSection(SolutionProperties) = preSolution
		HideSolutionNode = FALSE
	EndGlobalSection
EndGlobal
